PODS:
  - Alamofire (5.6.1)
  - Kingfisher (7.2.2)

DEPENDENCIES:
  - Alamofire
  - Kingfisher (~> 7.0)

SPEC REPOS:
  trunk:
    - Alamofire
    - Kingfisher

SPEC CHECKSUMS:
  Alamofire: 87bd8c952f9a4454320fce00d9cc3de57bcadaf5
  Kingfisher: 184d4d1a8c36666e663caf8e08abe87898595c53

PODFILE CHECKSUM: abbb6ec4a3c1d8a9b60e6a10db48c29dd8e1f755

COCOAPODS: 1.11.3
